// !$*UTF8*$!
{
	archiveVersion = 1;
	classes = {
	};
	objectVersion = 46;
	objects = {

/* Begin PBXBuildFile section */
		A1829B79182D09E900660671 /* Foundation.framework in Frameworks */ = {isa = PBXBuildFile; fileRef = A1829B78182D09E900660671 /* Foundation.framework */; };
		A1829B7B182D09E900660671 /* CoreGraphics.framework in Frameworks */ = {isa = PBXBuildFile; fileRef = A1829B7A182D09E900660671 /* CoreGraphics.framework */; };
		A1829B7D182D09E900660671 /* UIKit.framework in Frameworks */ = {isa = PBXBuildFile; fileRef = A1829B7C182D09E900660671 /* UIKit.framework */; };
		A1829B83182D09EA00660671 /* InfoPlist.strings in Resources */ = {isa = PBXBuildFile; fileRef = A1829B81182D09EA00660671 /* InfoPlist.strings */; };
		A1829B85182D09EA00660671 /* main.m in Sources */ = {isa = PBXBuildFile; fileRef = A1829B84182D09EA00660671 /* main.m */; };
		A1829B89182D09EA00660671 /* AppDelegate.m in Sources */ = {isa = PBXBuildFile; fileRef = A1829B88182D09EA00660671 /* AppDelegate.m */; };
		A1829B8C182D09EA00660671 /* Main.storyboard in Resources */ = {isa = PBXBuildFile; fileRef = A1829B8A182D09EA00660671 /* Main.storyboard */; };
		A1829B8F182D09EA00660671 /* ViewController.m in Sources */ = {isa = PBXBuildFile; fileRef = A1829B8E182D09EA00660671 /* ViewController.m */; };
		A1829B91182D09EA00660671 /* Images.xcassets in Resources */ = {isa = PBXBuildFile; fileRef = A1829B90182D09EA00660671 /* Images.xcassets */; };
		A1829B98182D09EA00660671 /* XCTest.framework in Frameworks */ = {isa = PBXBuildFile; fileRef = A1829B97182D09EA00660671 /* XCTest.framework */; };
		A1829B99182D09EA00660671 /* Foundation.framework in Frameworks */ = {isa = PBXBuildFile; fileRef = A1829B78182D09E900660671 /* Foundation.framework */; };
		A1829B9A182D09EA00660671 /* UIKit.framework in Frameworks */ = {isa = PBXBuildFile; fileRef = A1829B7C182D09E900660671 /* UIKit.framework */; };
		A1829BA2182D09EA00660671 /* InfoPlist.strings in Resources */ = {isa = PBXBuildFile; fileRef = A1829BA0182D09EA00660671 /* InfoPlist.strings */; };
		A1829BA4182D09EA00660671 /* TamagotchiTests.m in Sources */ = {isa = PBXBuildFile; fileRef = A1829BA3182D09EA00660671 /* TamagotchiTests.m */; };
		CB5310E0182F02E300B75DDD /* values.plist in Resources */ = {isa = PBXBuildFile; fileRef = CB5310DF182F02E300B75DDD /* values.plist */; };
/* End PBXBuildFile section */

/* Begin PBXContainerItemProxy section */
		A1829B9B182D09EA00660671 /* PBXContainerItemProxy */ = {
			isa = PBXContainerItemProxy;
			containerPortal = A1829B6D182D09E900660671 /* Project object */;
			proxyType = 1;
			remoteGlobalIDString = A1829B74182D09E900660671;
			remoteInfo = Tamagotchi;
		};
/* End PBXContainerItemProxy section */

/* Begin PBXFileReference section */
		A1829B75182D09E900660671 /* Tamagotchi.app */ = {isa = PBXFileReference; explicitFileType = wrapper.application; includeInIndex = 0; path = Tamagotchi.app; sourceTree = BUILT_PRODUCTS_DIR; };
		A1829B78182D09E900660671 /* Foundation.framework */ = {isa = PBXFileReference; lastKnownFileType = wrapper.framework; name = Foundation.framework; path = System/Library/Frameworks/Foundation.framework; sourceTree = SDKROOT; };
		A1829B7A182D09E900660671 /* CoreGraphics.framework */ = {isa = PBXFileReference; lastKnownFileType = wrapper.framework; name = CoreGraphics.framework; path = System/Library/Frameworks/CoreGraphics.framework; sourceTree = SDKROOT; };
		A1829B7C182D09E900660671 /* UIKit.framework */ = {isa = PBXFileReference; lastKnownFileType = wrapper.framework; name = UIKit.framework; path = System/Library/Frameworks/UIKit.framework; sourceTree = SDKROOT; };
		A1829B80182D09EA00660671 /* Tamagotchi-Info.plist */ = {isa = PBXFileReference; lastKnownFileType = text.plist.xml; path = "Tamagotchi-Info.plist"; sourceTree = "<group>"; };
		A1829B82182D09EA00660671 /* en */ = {isa = PBXFileReference; lastKnownFileType = text.plist.strings; name = en; path = en.lproj/InfoPlist.strings; sourceTree = "<group>"; };
		A1829B84182D09EA00660671 /* main.m */ = {isa = PBXFileReference; lastKnownFileType = sourcecode.c.objc; path = main.m; sourceTree = "<group>"; };
		A1829B86182D09EA00660671 /* Tamagotchi-Prefix.pch */ = {isa = PBXFileReference; lastKnownFileType = sourcecode.c.h; path = "Tamagotchi-Prefix.pch"; sourceTree = "<group>"; };
		A1829B87182D09EA00660671 /* AppDelegate.h */ = {isa = PBXFileReference; lastKnownFileType = sourcecode.c.h; path = AppDelegate.h; sourceTree = "<group>"; };
		A1829B88182D09EA00660671 /* AppDelegate.m */ = {isa = PBXFileReference; lastKnownFileType = sourcecode.c.objc; path = AppDelegate.m; sourceTree = "<group>"; };
		A1829B8B182D09EA00660671 /* Base */ = {isa = PBXFileReference; lastKnownFileType = file.storyboard; name = Base; path = Base.lproj/Main.storyboard; sourceTree = "<group>"; };
		A1829B8D182D09EA00660671 /* ViewController.h */ = {isa = PBXFileReference; lastKnownFileType = sourcecode.c.h; path = ViewController.h; sourceTree = "<group>"; };
		A1829B8E182D09EA00660671 /* ViewController.m */ = {isa = PBXFileReference; lastKnownFileType = sourcecode.c.objc; path = ViewController.m; sourceTree = "<group>"; };
		A1829B90182D09EA00660671 /* Images.xcassets */ = {isa = PBXFileReference; lastKnownFileType = folder.assetcatalog; path = Images.xcassets; sourceTree = "<group>"; };
		A1829B96182D09EA00660671 /* TamagotchiTests.xctest */ = {isa = PBXFileReference; explicitFileType = wrapper.cfbundle; includeInIndex = 0; path = TamagotchiTests.xctest; sourceTree = BUILT_PRODUCTS_DIR; };
		A1829B97182D09EA00660671 /* XCTest.framework */ = {isa = PBXFileReference; lastKnownFileType = wrapper.framework; name = XCTest.framework; path = Library/Frameworks/XCTest.framework; sourceTree = DEVELOPER_DIR; };
		A1829B9F182D09EA00660671 /* TamagotchiTests-Info.plist */ = {isa = PBXFileReference; lastKnownFileType = text.plist.xml; path = "TamagotchiTests-Info.plist"; sourceTree = "<group>"; };
		A1829BA1182D09EA00660671 /* en */ = {isa = PBXFileReference; lastKnownFileType = text.plist.strings; name = en; path = en.lproj/InfoPlist.strings; sourceTree = "<group>"; };
		A1829BA3182D09EA00660671 /* TamagotchiTests.m */ = {isa = PBXFileReference; lastKnownFileType = sourcecode.c.objc; path = TamagotchiTests.m; sourceTree = "<group>"; };
		CB5310DF182F02E300B75DDD /* values.plist */ = {isa = PBXFileReference; fileEncoding = 4; lastKnownFileType = text.plist.xml; path = values.plist; sourceTree = "<group>"; };
/* End PBXFileReference section */

/* Begin PBXFrameworksBuildPhase section */
		A1829B72182D09E900660671 /* Frameworks */ = {
			isa = PBXFrameworksBuildPhase;
			buildActionMask = 2147483647;
			files = (
				A1829B7B182D09E900660671 /* CoreGraphics.framework in Frameworks */,
				A1829B7D182D09E900660671 /* UIKit.framework in Frameworks */,
				A1829B79182D09E900660671 /* Foundation.framework in Frameworks */,
			);
			runOnlyForDeploymentPostprocessing = 0;
		};
		A1829B93182D09EA00660671 /* Frameworks */ = {
			isa = PBXFrameworksBuildPhase;
			buildActionMask = 2147483647;
			files = (
				A1829B98182D09EA00660671 /* XCTest.framework in Frameworks */,
				A1829B9A182D09EA00660671 /* UIKit.framework in Frameworks */,
				A1829B99182D09EA00660671 /* Foundation.framework in Frameworks */,
			);
			runOnlyForDeploymentPostprocessing = 0;
		};
/* End PBXFrameworksBuildPhase section */

/* Begin PBXGroup section */
		A1829B6C182D09E900660671 = {
			isa = PBXGroup;
			children = (
				A1829B7E182D09E900660671 /* Tamagotchi */,
				A1829B9D182D09EA00660671 /* TamagotchiTests */,
				A1829B77182D09E900660671 /* Frameworks */,
				A1829B76182D09E900660671 /* Products */,
			);
			sourceTree = "<group>";
		};
		A1829B76182D09E900660671 /* Products */ = {
			isa = PBXGroup;
			children = (
				A1829B75182D09E900660671 /* Tamagotchi.app */,
				A1829B96182D09EA00660671 /* TamagotchiTests.xctest */,
			);
			name = Products;
			sourceTree = "<group>";
		};
		A1829B77182D09E900660671 /* Frameworks */ = {
			isa = PBXGroup;
			children = (
				A1829B78182D09E900660671 /* Foundation.framework */,
				A1829B7A182D09E900660671 /* CoreGraphics.framework */,
				A1829B7C182D09E900660671 /* UIKit.framework */,
				A1829B97182D09EA00660671 /* XCTest.framework */,
			);
			name = Frameworks;
			sourceTree = "<group>";
		};
		A1829B7E182D09E900660671 /* Tamagotchi */ = {
			isa = PBXGroup;
			children = (
				A1829B87182D09EA00660671 /* AppDelegate.h */,
				A1829B88182D09EA00660671 /* AppDelegate.m */,
				A1829B8A182D09EA00660671 /* Main.storyboard */,
				A1829B8D182D09EA00660671 /* ViewController.h */,
				A1829B8E182D09EA00660671 /* ViewController.m */,
				A1829B90182D09EA00660671 /* Images.xcassets */,
				A1829B7F182D09E900660671 /* Supporting Files */,
			);
			path = Tamagotchi;
			sourceTree = "<group>";
		};
		A1829B7F182D09E900660671 /* Supporting Files */ = {
			isa = PBXGroup;
			children = (
				A1829B80182D09EA00660671 /* Tamagotchi-Info.plist */,
				A1829B81182D09EA00660671 /* InfoPlist.strings */,
				A1829B84182D09EA00660671 /* main.m */,
				A1829B86182D09EA00660671 /* Tamagotchi-Prefix.pch */,
				CB5310DF182F02E300B75DDD /* values.plist */,
			);
			name = "Supporting Files";
			sourceTree = "<group>";
		};
		A1829B9D182D09EA00660671 /* TamagotchiTests */ = {
			isa = PBXGroup;
			children = (
				A1829BA3182D09EA00660671 /* TamagotchiTests.m */,
				A1829B9E182D09EA00660671 /* Supporting Files */,
			);
			path = TamagotchiTests;
			sourceTree = "<group>";
		};
		A1829B9E182D09EA00660671 /* Supporting Files */ = {
			isa = PBXGroup;
			children = (
				A1829B9F182D09EA00660671 /* TamagotchiTests-Info.plist */,
				A1829BA0182D09EA00660671 /* InfoPlist.strings */,
			);
			name = "Supporting Files";
			sourceTree = "<group>";
		};
/* End PBXGroup section */

/* Begin PBXNativeTarget section */
		A1829B74182D09E900660671 /* Tamagotchi */ = {
			isa = PBXNativeTarget;
			buildConfigurationList = A1829BA7182D09EA00660671 /* Build configuration list for PBXNativeTarget "Tamagotchi" */;
			buildPhases = (
				A1829B71182D09E900660671 /* Sources */,
				A1829B72182D09E900660671 /* Frameworks */,
				A1829B73182D09E900660671 /* Resources */,
			);
			buildRules = (
			);
			dependencies = (
			);
			name = Tamagotchi;
			productName = Tamagotchi;
			productReference = A1829B75182D09E900660671 /* Tamagotchi.app */;
			productType = "com.apple.product-type.application";
		};
		A1829B95182D09EA00660671 /* TamagotchiTests */ = {
			isa = PBXNativeTarget;
			buildConfigurationList = A1829BAA182D09EA00660671 /* Build configuration list for PBXNativeTarget "TamagotchiTests" */;
			buildPhases = (
				A1829B92182D09EA00660671 /* Sources */,
				A1829B93182D09EA00660671 /* Frameworks */,
				A1829B94182D09EA00660671 /* Resources */,
			);
			buildRules = (
			);
			dependencies = (
				A1829B9C182D09EA00660671 /* PBXTargetDependency */,
			);
			name = TamagotchiTests;
			productName = TamagotchiTests;
			productReference = A1829B96182D09EA00660671 /* TamagotchiTests.xctest */;
			productType = "com.apple.product-type.bundle.unit-test";
		};
/* End PBXNativeTarget section */

/* Begin PBXProject section */
		A1829B6D182D09E900660671 /* Project object */ = {
			isa = PBXProject;
			attributes = {
				LastUpgradeCheck = 0500;
				ORGANIZATIONNAME = "Rizki Calame";
				TargetAttributes = {
					A1829B95182D09EA00660671 = {
						TestTargetID = A1829B74182D09E900660671;
					};
				};
			};
			buildConfigurationList = A1829B70182D09E900660671 /* Build configuration list for PBXProject "Tamagotchi" */;
			compatibilityVersion = "Xcode 3.2";
			developmentRegion = English;
			hasScannedForEncodings = 0;
			knownRegions = (
				en,
				Base,
			);
			mainGroup = A1829B6C182D09E900660671;
			productRefGroup = A1829B76182D09E900660671 /* Products */;
			projectDirPath = "";
			projectRoot = "";
			targets = (
				A1829B74182D09E900660671 /* Tamagotchi */,
				A1829B95182D09EA00660671 /* TamagotchiTests */,
			);
		};
/* End PBXProject section */

/* Begin PBXResourcesBuildPhase section */
		A1829B73182D09E900660671 /* Resources */ = {
			isa = PBXResourcesBuildPhase;
			buildActionMask = 2147483647;
			files = (
				A1829B91182D09EA00660671 /* Images.xcassets in Resources */,
				A1829B83182D09EA00660671 /* InfoPlist.strings in Resources */,
				CB5310E0182F02E300B75DDD /* values.plist in Resources */,
				A1829B8C182D09EA00660671 /* Main.storyboard in Resources */,
			);
			runOnlyForDeploymentPostprocessing = 0;
		};
		A1829B94182D09EA00660671 /* Resources */ = {
			isa = PBXResourcesBuildPhase;
			buildActionMask = 2147483647;
			files = (
				A1829BA2182D09EA00660671 /* InfoPlist.strings in Resources */,
			);
			runOnlyForDeploymentPostprocessing = 0;
		};
/* End PBXResourcesBuildPhase section */

/* Begin PBXSourcesBuildPhase section */
		A1829B71182D09E900660671 /* Sources */ = {
			isa = PBXSourcesBuildPhase;
			buildActionMask = 2147483647;
			files = (
				A1829B8F182D09EA00660671 /* ViewController.m in Sources */,
				A1829B89182D09EA00660671 /* AppDelegate.m in Sources */,
				A1829B85182D09EA00660671 /* main.m in Sources */,
			);
			runOnlyForDeploymentPostprocessing = 0;
		};
		A1829B92182D09EA00660671 /* Sources */ = {
			isa = PBXSourcesBuildPhase;
			buildActionMask = 2147483647;
			files = (
				A1829BA4182D09EA00660671 /* TamagotchiTests.m in Sources */,
			);
			runOnlyForDeploymentPostprocessing = 0;
		};
/* End PBXSourcesBuildPhase section */

/* Begin PBXTargetDependency section */
		A1829B9C182D09EA00660671 /* PBXTargetDependency */ = {
			isa = PBXTargetDependency;
			target = A1829B74182D09E900660671 /* Tamagotchi */;
			targetProxy = A1829B9B182D09EA00660671 /* PBXContainerItemProxy */;
		};
/* End PBXTargetDependency section */

/* Begin PBXVariantGroup section */
		A1829B81182D09EA00660671 /* InfoPlist.strings */ = {
			isa = PBXVariantGroup;
			children = (
				A1829B82182D09EA00660671 /* en */,
			);
			name = InfoPlist.strings;
			sourceTree = "<group>";
		};
		A1829B8A182D09EA00660671 /* Main.storyboard */ = {
			isa = PBXVariantGroup;
			children = (
				A1829B8B182D09EA00660671 /* Base */,
			);
			name = Main.storyboard;
			sourceTree = "<group>";
		};
		A1829BA0182D09EA00660671 /* InfoPlist.strings */ = {
			isa = PBXVariantGroup;
			children = (
				A1829BA1182D09EA00660671 /* en */,
			);
			name = InfoPlist.strings;
			sourceTree = "<group>";
		};
/* End PBXVariantGroup section */

/* Begin XCBuildConfiguration section */
		A1829BA5182D09EA00660671 /* Debug */ = {
			isa = XCBuildConfiguration;
			buildSettings = {
				ALWAYS_SEARCH_USER_PATHS = NO;
				ARCHS = "$(ARCHS_STANDARD_INCLUDING_64_BIT)";
				CLANG_CXX_LANGUAGE_STANDARD = "gnu++0x";
				CLANG_CXX_LIBRARY = "libc++";
				CLANG_ENABLE_MODULES = YES;
				CLANG_ENABLE_OBJC_ARC = YES;
				CLANG_WARN_BOOL_CONVERSION = YES;
				CLANG_WARN_CONSTANT_CONVERSION = YES;
				CLANG_WARN_DIRECT_OBJC_ISA_USAGE = YES_ERROR;
				CLANG_WARN_EMPTY_BODY = YES;
				CLANG_WARN_ENUM_CONVERSION = YES;
				CLANG_WARN_INT_CONVERSION = YES;
				CLANG_WARN_OBJC_ROOT_CLASS = YES_ERROR;
				CLANG_WARN__DUPLICATE_METHOD_MATCH = YES;
				"CODE_SIGN_IDENTITY[sdk=iphoneos*]" = "iPhone Developer";
				COPY_PHASE_STRIP = NO;
				GCC_C_LANGUAGE_STANDARD = gnu99;
				GCC_DYNAMIC_NO_PIC = NO;
				GCC_OPTIMIZATION_LEVEL = 0;
				GCC_PREPROCESSOR_DEFINITIONS = (
					"DEBUG=1",
					"$(inherited)",
				);
				GCC_SYMBOLS_PRIVATE_EXTERN = NO;
				GCC_WARN_64_TO_32_BIT_CONVERSION = YES;
				GCC_WARN_ABOUT_RETURN_TYPE = YES_ERROR;
				GCC_WARN_UNDECLARED_SELECTOR = YES;
				GCC_WARN_UNINITIALIZED_AUTOS = YES;
				GCC_WARN_UNUSED_FUNCTION = YES;
				GCC_WARN_UNUSED_VARIABLE = YES;
				IPHONEOS_DEPLOYMENT_TARGET = 7.0;
				ONLY_ACTIVE_ARCH = YES;
				SDKROOT = iphoneos;
				TARGETED_DEVICE_FAMILY = 2;
			};
			name = Debug;
		};
		A1829BA6182D09EA00660671 /* Release */ = {
			isa = XCBuildConfiguration;
			buildSettings = {
				ALWAYS_SEARCH_USER_PATHS = NO;
				ARCHS = "$(ARCHS_STANDARD_INCLUDING_64_BIT)";
				CLANG_CXX_LANGUAGE_STANDARD = "gnu++0x";
				CLANG_CXX_LIBRARY = "libc++";
				CLANG_ENABLE_MODULES = YES;
				CLANG_ENABLE_OBJC_ARC = YES;
				CLANG_WARN_BOOL_CONVERSION = YES;
				CLANG_WARN_CONSTANT_CONVERSION = YES;
				CLANG_WARN_DIRECT_OBJC_ISA_USAGE = YES_ERROR;
				CLANG_WARN_EMPTY_BODY = YES;
				CLANG_WARN_ENUM_CONVERSION = YES;
				CLANG_WARN_INT_CONVERSION = YES;
				CLANG_WARN_OBJC_ROOT_CLASS = YES_ERROR;
				CLANG_WARN__DUPLICATE_METHOD_MATCH = YES;
				"CODE_SIGN_IDENTITY[sdk=iphoneos*]" = "iPhone Developer";
				COPY_PHASE_STRIP = YES;
				ENABLE_NS_ASSERTIONS = NO;
				GCC_C_LANGUAGE_STANDARD = gnu99;
				GCC_WARN_64_TO_32_BIT_CONVERSION = YES;
				GCC_WARN_ABOUT_RETURN_TYPE = YES_ERROR;
				GCC_WARN_UNDECLARED_SELECTOR = YES;
				GCC_WARN_UNINITIALIZED_AUTOS = YES;
				GCC_WARN_UNUSED_FUNCTION = YES;
				GCC_WARN_UNUSED_VARIABLE = YES;
				IPHONEOS_DEPLOYMENT_TARGET = 7.0;
				SDKROOT = iphoneos;
				TARGETED_DEVICE_FAMILY = 2;
				VALIDATE_PRODUCT = YES;
			};
			name = Release;
		};
		A1829BA8182D09EA00660671 /* Debug */ = {
			isa = XCBuildConfiguration;
			buildSettings = {
				ASSETCATALOG_COMPILER_APPICON_NAME = AppIcon;
				ASSETCATALOG_COMPILER_LAUNCHIMAGE_NAME = LaunchImage;
				GCC_PRECOMPILE_PREFIX_HEADER = YES;
				GCC_PREFIX_HEADER = "Tamagotchi/Tamagotchi-Prefix.pch";
				INFOPLIST_FILE = "Tamagotchi/Tamagotchi-Info.plist";
				PRODUCT_NAME = "$(TARGET_NAME)";
				TARGETED_DEVICE_FAMILY = 1;
				WRAPPER_EXTENSION = app;
			};
			name = Debug;
		};
		A1829BA9182D09EA00660671 /* Release */ = {
			isa = XCBuildConfiguration;
			buildSettings = {
				ASSETCATALOG_COMPILER_APPICON_NAME = AppIcon;
				ASSETCATALOG_COMPILER_LAUNCHIMAGE_NAME = LaunchImage;
				GCC_PRECOMPILE_PREFIX_HEADER = YES;
				GCC_PREFIX_HEADER = "Tamagotchi/Tamagotchi-Prefix.pch";
				INFOPLIST_FILE = "Tamagotchi/Tamagotchi-Info.plist";
				PRODUCT_NAME = "$(TARGET_NAME)";
				TARGETED_DEVICE_FAMILY = 1;
				WRAPPER_EXTENSION = app;
			};
			name = Release;
		};
		A1829BAB182D09EA00660671 /* Debug */ = {
			isa = XCBuildConfiguration;
			buildSettings = {
				ARCHS = "$(ARCHS_STANDARD_INCLUDING_64_BIT)";
				BUNDLE_LOADER = "$(BUILT_PRODUCTS_DIR)/Tamagotchi.app/Tamagotchi";
				FRAMEWORK_SEARCH_PATHS = (
					"$(SDKROOT)/Developer/Library/Frameworks",
					"$(inherited)",
					"$(DEVELOPER_FRAMEWORKS_DIR)",
				);
				GCC_PRECOMPILE_PREFIX_HEADER = YES;
				GCC_PREFIX_HEADER = "Tamagotchi/Tamagotchi-Prefix.pch";
				GCC_PREPROCESSOR_DEFINITIONS = (
					"DEBUG=1",
					"$(inherited)",
				);
				INFOPLIST_FILE = "TamagotchiTests/TamagotchiTests-Info.plist";
				PRODUCT_NAME = "$(TARGET_NAME)";
				TEST_HOST = "$(BUNDLE_LOADER)";
				WRAPPER_EXTENSION = xctest;
			};
			name = Debug;
		};
		A1829BAC182D09EA00660671 /* Release */ = {
			isa = XCBuildConfiguration;
			buildSettings = {
				ARCHS = "$(ARCHS_STANDARD_INCLUDING_64_BIT)";
				BUNDLE_LOADER = "$(BUILT_PRODUCTS_DIR)/Tamagotchi.app/Tamagotchi";
				FRAMEWORK_SEARCH_PATHS = (
					"$(SDKROOT)/Developer/Library/Frameworks",
					"$(inherited)",
					"$(DEVELOPER_FRAMEWORKS_DIR)",
				);
				GCC_PRECOMPILE_PREFIX_HEADER = YES;
				GCC_PREFIX_HEADER = "Tamagotchi/Tamagotchi-Prefix.pch";
				INFOPLIST_FILE = "TamagotchiTests/TamagotchiTests-Info.plist";
				PRODUCT_NAME = "$(TARGET_NAME)";
				TEST_HOST = "$(BUNDLE_LOADER)";
				WRAPPER_EXTENSION = xctest;
			};
			name = Release;
		};
/* End XCBuildConfiguration section */

/* Begin XCConfigurationList section */
		A1829B70182D09E900660671 /* Build configuration list for PBXProject "Tamagotchi" */ = {
			isa = XCConfigurationList;
			buildConfigurations = (
				A1829BA5182D09EA00660671 /* Debug */,
				A1829BA6182D09EA00660671 /* Release */,
			);
			defaultConfigurationIsVisible = 0;
			defaultConfigurationName = Release;
		};
		A1829BA7182D09EA00660671 /* Build configuration list for PBXNativeTarget "Tamagotchi" */ = {
			isa = XCConfigurationList;
			buildConfigurations = (
				A1829BA8182D09EA00660671 /* Debug */,
				A1829BA9182D09EA00660671 /* Release */,
			);
			defaultConfigurationIsVisible = 0;
			defaultConfigurationName = Release;
		};
		A1829BAA182D09EA00660671 /* Build configuration list for PBXNativeTarget "TamagotchiTests" */ = {
			isa = XCConfigurationList;
			buildConfigurations = (
				A1829BAB182D09EA00660671 /* Debug */,
				A1829BAC182D09EA00660671 /* Release */,
			);
			defaultConfigurationIsVisible = 0;
			defaultConfigurationName = Release;
		};
/* End XCConfigurationList section */
	};
	rootObject = A1829B6D182D09E900660671 /* Project object */;
}
